// !$*UTF8*$!
{
	archiveVersion = 1;
	classes = {
	};
	objectVersion = 77;
	objects = {

/* Begin PBXContainerItemProxy section */
		CD6EC67F2F77477C0027D4D7 /* PBXContainerItemProxy */ = {
			isa = PBXContainerItemProxy;
			containerPortal = CD6EC6672F77477C0027D4D7 /* Project object */;
			proxyType = 1;
			remoteGlobalIDString = CD6EC66E2F77477C0027D4D7;
			remoteInfo = Yulyph;
		};
		CD6EC6892F77477C0027D4D7 /* PBXContainerItemProxy */ = {
			isa = PBXContainerItemProxy;
			containerPortal = CD6EC6672F77477C0027D4D7 /* Project object */;
			proxyType = 1;
			remoteGlobalIDString = CD6EC66E2F77477C0027D4D7;
			remoteInfo = Yulyph;
		};
/* End PBXContainerItemProxy section */

/* Begin PBXFileReference section */
		CD6EC66F2F77477C0027D4D7 /* Yulyph.app */ = {isa = PBXFileReference; explicitFileType = wrapper.application; includeInIndex = 0; path = Yulyph.app; sourceTree = BUILT_PRODUCTS_DIR; };
		CD6EC67E2F77477C0027D4D7 /* YulyphTests.xctest */ = {isa = PBXFileReference; explicitFileType = wrapper.cfbundle; includeInIndex = 0; path = YulyphTests.xctest; sourceTree = BUILT_PRODUCTS_DIR; };
		CD6EC6882F77477C0027D4D7 /* YulyphUITests.xctest */ = {isa = PBXFileReference; explicitFileType = wrapper.cfbundle; includeInIndex = 0; path = YulyphUITests.xctest; sourceTree = BUILT_PRODUCTS_DIR; };
/* End PBXFileReference section */

/* Begin PBXFileSystemSynchronizedRootGroup section */
		CD6EC6712F77477C0027D4D7 /* Yulyph */ = {
			isa = PBXFileSystemSynchronizedRootGroup;
			path = Yulyph;
			sourceTree = "<group>";
		};
		CD6EC6812F77477C0027D4D7 /* YulyphTests */ = {
			isa = PBXFileSystemSynchronizedRootGroup;
			path = YulyphTests;
			sourceTree = "<group>";
		};
		CD6EC68B2F77477C0027D4D7 /* YulyphUITests */ = {
			isa = PBXFileSystemSynchronizedRootGroup;
			path = YulyphUITests;
			sourceTree = "<group>";
		};
/* End PBXFileSystemSynchronizedRootGroup section */

/* Begin PBXFrameworksBuildPhase section */
		CD6EC66C2F77477C0027D4D7 /* Frameworks */ = {
			isa = PBXFrameworksBuildPhase;
			buildActionMask = 2147483647;
			files = (
			);
			runOnlyForDeploymentPostprocessing = 0;
		};
		CD6EC67B2F77477C0027D4D7 /* Frameworks */ = {
			isa = PBXFrameworksBuildPhase;
			buildActionMask = 2147483647;
			files = (
			);
			runOnlyForDeploymentPostprocessing = 0;
		};
		CD6EC6852F77477C0027D4D7 /* Frameworks */ = {
			isa = PBXFrameworksBuildPhase;
			buildActionMask = 2147483647;
			files = (
			);
			runOnlyForDeploymentPostprocessing = 0;
		};
/* End PBXFrameworksBuildPhase section */

/* Begin PBXGroup section */
		CD6EC6662F77477C0027D4D7 = {
			isa = PBXGroup;
			children = (
				CD6EC6712F77477C0027D4D7 /* Yulyph */,
				CD6EC6812F77477C0027D4D7 /* YulyphTests */,
				CD6EC68B2F77477C0027D4D7 /* YulyphUITests */,
				CD6EC6702F77477C0027D4D7 /* Products */,
			);
			sourceTree = "<group>";
		};
		CD6EC6702F77477C0027D4D7 /* Products */ = {
			isa = PBXGroup;
			children = (
				CD6EC66F2F77477C0027D4D7 /* Yulyph.app */,
				CD6EC67E2F77477C0027D4D7 /* YulyphTests.xctest */,
				CD6EC6882F77477C0027D4D7 /* YulyphUITests.xctest */,
			);
			name = Products;
			sourceTree = "<group>";
		};
/* End PBXGroup section */

/* Begin PBXNativeTarget section */
		CD6EC66E2F77477C0027D4D7 /* Yulyph */ = {
			isa = PBXNativeTarget;
			buildConfigurationList = CD6EC6922F77477C0027D4D7 /* Build configuration list for PBXNativeTarget "Yulyph" */;
			buildPhases = (
				CD6EC66B2F77477C0027D4D7 /* Sources */,
				CD6EC66C2F77477C0027D4D7 /* Frameworks */,
				CD6EC66D2F77477C0027D4D7 /* Resources */,
			);
			buildRules = (
			);
			dependencies = (
			);
			fileSystemSynchronizedGroups = (
				CD6EC6712F77477C0027D4D7 /* Yulyph */,
			);
			name = Yulyph;
			packageProductDependencies = (
			);
			productName = Yulyph;
			productReference = CD6EC66F2F77477C0027D4D7 /* Yulyph.app */;
			productType = "com.apple.product-type.application";
		};
		CD6EC67D2F77477C0027D4D7 /* YulyphTests */ = {
			isa = PBXNativeTarget;
			buildConfigurationList = CD6EC6952F77477C0027D4D7 /* Build configuration list for PBXNativeTarget "YulyphTests" */;
			buildPhases = (
				CD6EC67A2F77477C0027D4D7 /* Sources */,
				CD6EC67B2F77477C0027D4D7 /* Frameworks */,
				CD6EC67C2F77477C0027D4D7 /* Resources */,
			);
			buildRules = (
			);
			dependencies = (
				CD6EC6802F77477C0027D4D7 /* PBXTargetDependency */,
			);
			fileSystemSynchronizedGroups = (
				CD6EC6812F77477C0027D4D7 /* YulyphTests */,
			);
			name = YulyphTests;
			packageProductDependencies = (
			);
			productName = YulyphTests;
			productReference = CD6EC67E2F77477C0027D4D7 /* YulyphTests.xctest */;
			productType = "com.apple.product-type.bundle.unit-test";
		};
		CD6EC6872F77477C0027D4D7 /* YulyphUITests */ = {
			isa = PBXNativeTarget;
			buildConfigurationList = CD6EC6982F77477C0027D4D7 /* Build configuration list for PBXNativeTarget "YulyphUITests" */;
			buildPhases = (
				CD6EC6842F77477C0027D4D7 /* Sources */,
				CD6EC6852F77477C0027D4D7 /* Frameworks */,
				CD6EC6862F77477C0027D4D7 /* Resources */,
			);
			buildRules = (
			);
			dependencies = (
				CD6EC68A2F77477C0027D4D7 /* PBXTargetDependency */,
			);
			fileSystemSynchronizedGroups = (
				CD6EC68B2F77477C0027D4D7 /* YulyphUITests */,
			);
			name = YulyphUITests;
			packageProductDependencies = (
			);
			productName = YulyphUITests;
			productReference = CD6EC6882F77477C0027D4D7 /* YulyphUITests.xctest */;
			productType = "com.apple.product-type.bundle.ui-testing";
		};
/* End PBXNativeTarget section */

/* Begin PBXProject section */
		CD6EC6672F77477C0027D4D7 /* Project object */ = {
			isa = PBXProject;
			attributes = {
				BuildIndependentTargetsInParallel = 1;
				LastSwiftUpdateCheck = 2640;
				LastUpgradeCheck = 2640;
				TargetAttributes = {
					CD6EC66E2F77477C0027D4D7 = {
						CreatedOnToolsVersion = 26.4;
					};
					CD6EC67D2F77477C0027D4D7 = {
						CreatedOnToolsVersion = 26.4;
						TestTargetID = CD6EC66E2F77477C0027D4D7;
					};
					CD6EC6872F77477C0027D4D7 = {
						CreatedOnToolsVersion = 26.4;
						TestTargetID = CD6EC66E2F77477C0027D4D7;
					};
				};
			};
			buildConfigurationList = CD6EC66A2F77477C0027D4D7 /* Build configuration list for PBXProject "Yulyph" */;
			developmentRegion = en;
			hasScannedForEncodings = 0;
			knownRegions = (
				en,
				Base,
				"zh-Hans",
			);
			mainGroup = CD6EC6662F77477C0027D4D7;
			minimizedProjectReferenceProxies = 1;
			preferredProjectObjectVersion = 77;
			productRefGroup = CD6EC6702F77477C0027D4D7 /* Products */;
			projectDirPath = "";
			projectRoot = "";
			targets = (
				CD6EC66E2F77477C0027D4D7 /* Yulyph */,
				CD6EC67D2F77477C0027D4D7 /* YulyphTests */,
				CD6EC6872F77477C0027D4D7 /* YulyphUITests */,
			);
		};
/* End PBXProject section */

/* Begin PBXResourcesBuildPhase section */
		CD6EC66D2F77477C0027D4D7 /* Resources */ = {
			isa = PBXResourcesBuildPhase;
			buildActionMask = 2147483647;
			files = (
			);
			runOnlyForDeploymentPostprocessing = 0;
		};
		CD6EC67C2F77477C0027D4D7 /* Resources */ = {
			isa = PBXResourcesBuildPhase;
			buildActionMask = 2147483647;
			files = (
			);
			runOnlyForDeploymentPostprocessing = 0;
		};
		CD6EC6862F77477C0027D4D7 /* Resources */ = {
			isa = PBXResourcesBuildPhase;
			buildActionMask = 2147483647;
			files = (
			);
			runOnlyForDeploymentPostprocessing = 0;
		};
/* End PBXResourcesBuildPhase section */

/* Begin PBXSourcesBuildPhase section */
		CD6EC66B2F77477C0027D4D7 /* Sources */ = {
			isa = PBXSourcesBuildPhase;
			buildActionMask = 2147483647;
			files = (
			);
			runOnlyForDeploymentPostprocessing = 0;
		};
		CD6EC67A2F77477C0027D4D7 /* Sources */ = {
			isa = PBXSourcesBuildPhase;
			buildActionMask = 2147483647;
			files = (
			);
			runOnlyForDeploymentPostprocessing = 0;
		};
		CD6EC6842F77477C0027D4D7 /* Sources */ = {
			isa = PBXSourcesBuildPhase;
			buildActionMask = 2147483647;
			files = (
			);
			runOnlyForDeploymentPostprocessing = 0;
		};
/* End PBXSourcesBuildPhase section */

/* Begin PBXTargetDependency section */
		CD6EC6802F77477C0027D4D7 /* PBXTargetDependency */ = {
			isa = PBXTargetDependency;
			target = CD6EC66E2F77477C0027D4D7 /* Yulyph */;
			targetProxy = CD6EC67F2F77477C0027D4D7 /* PBXContainerItemProxy */;
		};
		CD6EC68A2F77477C0027D4D7 /* PBXTargetDependency */ = {
			isa = PBXTargetDependency;
			target = CD6EC66E2F77477C0027D4D7 /* Yulyph */;
			targetProxy = CD6EC6892F77477C0027D4D7 /* PBXContainerItemProxy */;
		};
/* End PBXTargetDependency section */

/* Begin XCBuildConfiguration section */
		CD6EC6902F77477C0027D4D7 /* Debug */ = {
			isa = XCBuildConfiguration;
			buildSettings = {
				ALWAYS_SEARCH_USER_PATHS = NO;
				ASSETCATALOG_COMPILER_GENERATE_SWIFT_ASSET_SYMBOL_EXTENSIONS = YES;
				CLANG_ANALYZER_NONNULL = YES;
				CLANG_ANALYZER_NUMBER_OBJECT_CONVERSION = YES_AGGRESSIVE;
				CLANG_CXX_LANGUAGE_STANDARD = "gnu++20";
				CLANG_ENABLE_MODULES = YES;
				CLANG_ENABLE_OBJC_ARC = YES;
				CLANG_ENABLE_OBJC_WEAK = YES;
				CLANG_WARN_BLOCK_CAPTURE_AUTORELEASING = YES;
				CLANG_WARN_BOOL_CONVERSION = YES;
				CLANG_WARN_COMMA = YES;
				CLANG_WARN_CONSTANT_CONVERSION = YES;
				CLANG_WARN_DEPRECATED_OBJC_IMPLEMENTATIONS = YES;
				CLANG_WARN_DIRECT_OBJC_ISA_USAGE = YES_ERROR;
				CLANG_WARN_DOCUMENTATION_COMMENTS = YES;
				CLANG_WARN_EMPTY_BODY = YES;
				CLANG_WARN_ENUM_CONVERSION = YES;
				CLANG_WARN_INFINITE_RECURSION = YES;
				CLANG_WARN_INT_CONVERSION = YES;
				CLANG_WARN_NON_LITERAL_NULL_CONVERSION = YES;
				CLANG_WARN_OBJC_IMPLICIT_RETAIN_SELF = YES;
				CLANG_WARN_OBJC_LITERAL_CONVERSION = YES;
				CLANG_WARN_OBJC_ROOT_CLASS = YES_ERROR;
				CLANG_WARN_QUOTED_INCLUDE_IN_FRAMEWORK_HEADER = YES;
				CLANG_WARN_RANGE_LOOP_ANALYSIS = YES;
				CLANG_WARN_STRICT_PROTOTYPES = YES;
				CLANG_WARN_SUSPICIOUS_MOVE = YES;
				CLANG_WARN_UNGUARDED_AVAILABILITY = YES_AGGRESSIVE;
				CLANG_WARN_UNREACHABLE_CODE = YES;
				CLANG_WARN__DUPLICATE_METHOD_MATCH = YES;
				COPY_PHASE_STRIP = NO;
				DEBUG_INFORMATION_FORMAT = dwarf;
				ENABLE_STRICT_OBJC_MSGSEND = YES;
				ENABLE_TESTABILITY = YES;
				ENABLE_USER_SCRIPT_SANDBOXING = YES;
				GCC_C_LANGUAGE_STANDARD = gnu17;
				GCC_DYNAMIC_NO_PIC = NO;
				GCC_NO_COMMON_BLOCKS = YES;
				GCC_OPTIMIZATION_LEVEL = 0;
				GCC_PREPROCESSOR_DEFINITIONS = (
					"DEBUG=1",
					"$(inherited)",
				);
				GCC_WARN_64_TO_32_BIT_CONVERSION = YES;
				GCC_WARN_ABOUT_RETURN_TYPE = YES_ERROR;
				GCC_WARN_UNDECLARED_SELECTOR = YES;
				GCC_WARN_UNINITIALIZED_AUTOS = YES_AGGRESSIVE;
				GCC_WARN_UNUSED_FUNCTION = YES;
				GCC_WARN_UNUSED_VARIABLE = YES;
				IPHONEOS_DEPLOYMENT_TARGET = 16.0;
				LOCALIZATION_PREFERS_STRING_CATALOGS = YES;
				MTL_ENABLE_DEBUG_INFO = INCLUDE_SOURCE;
				MTL_FAST_MATH = YES;
				ONLY_ACTIVE_ARCH = YES;
				SDKROOT = iphoneos;
				SWIFT_ACTIVE_COMPILATION_CONDITIONS = "DEBUG $(inherited)";
				SWIFT_OPTIMIZATION_LEVEL = "-Onone";
			};
			name = Debug;
		};
		CD6EC6912F77477C0027D4D7 /* Release */ = {
			isa = XCBuildConfiguration;
			buildSettings = {
				ALWAYS_SEARCH_USER_PATHS = NO;
				ASSETCATALOG_COMPILER_GENERATE_SWIFT_ASSET_SYMBOL_EXTENSIONS = YES;
				CLANG_ANALYZER_NONNULL = YES;
				CLANG_ANALYZER_NUMBER_OBJECT_CONVERSION = YES_AGGRESSIVE;
				CLANG_CXX_LANGUAGE_STANDARD = "gnu++20";
				CLANG_ENABLE_MODULES = YES;
				CLANG_ENABLE_OBJC_ARC = YES;
				CLANG_ENABLE_OBJC_WEAK = YES;
				CLANG_WARN_BLOCK_CAPTURE_AUTORELEASING = YES;
				CLANG_WARN_BOOL_CONVERSION = YES;
				CLANG_WARN_COMMA = YES;
				CLANG_WARN_CONSTANT_CONVERSION = YES;
				CLANG_WARN_DEPRECATED_OBJC_IMPLEMENTATIONS = YES;
				CLANG_WARN_DIRECT_OBJC_ISA_USAGE = YES_ERROR;
				CLANG_WARN_DOCUMENTATION_COMMENTS = YES;
				CLANG_WARN_EMPTY_BODY = YES;
				CLANG_WARN_ENUM_CONVERSION = YES;
				CLANG_WARN_INFINITE_RECURSION = YES;
				CLANG_WARN_INT_CONVERSION = YES;
				CLANG_WARN_NON_LITERAL_NULL_CONVERSION = YES;
				CLANG_WARN_OBJC_IMPLICIT_RETAIN_SELF = YES;
				CLANG_WARN_OBJC_LITERAL_CONVERSION = YES;
				CLANG_WARN_OBJC_ROOT_CLASS = YES_ERROR;
				CLANG_WARN_QUOTED_INCLUDE_IN_FRAMEWORK_HEADER = YES;
				CLANG_WARN_RANGE_LOOP_ANALYSIS = YES;
				CLANG_WARN_STRICT_PROTOTYPES = YES;
				CLANG_WARN_SUSPICIOUS_MOVE = YES;
				CLANG_WARN_UNGUARDED_AVAILABILITY = YES_AGGRESSIVE;
				CLANG_WARN_UNREACHABLE_CODE = YES;
				CLANG_WARN__DUPLICATE_METHOD_MATCH = YES;
				COPY_PHASE_STRIP = NO;
				DEBUG_INFORMATION_FORMAT = "dwarf-with-dsym";
				ENABLE_NS_ASSERTIONS = NO;
				ENABLE_STRICT_OBJC_MSGSEND = YES;
				ENABLE_USER_SCRIPT_SANDBOXING = YES;
				GCC_C_LANGUAGE_STANDARD = gnu17;
				GCC_NO_COMMON_BLOCKS = YES;
				GCC_WARN_64_TO_32_BIT_CONVERSION = YES;
				GCC_WARN_ABOUT_RETURN_TYPE = YES_ERROR;
				GCC_WARN_UNDECLARED_SELECTOR = YES;
				GCC_WARN_UNINITIALIZED_AUTOS = YES_AGGRESSIVE;
				GCC_WARN_UNUSED_FUNCTION = YES;
				GCC_WARN_UNUSED_VARIABLE = YES;
				IPHONEOS_DEPLOYMENT_TARGET = 16.0;
				LOCALIZATION_PREFERS_STRING_CATALOGS = YES;
				MTL_ENABLE_DEBUG_INFO = NO;
				MTL_FAST_MATH = YES;
				SDKROOT = iphoneos;
				SWIFT_COMPILATION_MODE = wholemodule;
				VALIDATE_PRODUCT = YES;
			};
			name = Release;
		};
		CD6EC6932F77477C0027D4D7 /* Debug */ = {
			isa = XCBuildConfiguration;
			buildSettings = {
				ASSETCATALOG_COMPILER_APPICON_NAME = AppIcon;
				ASSETCATALOG_COMPILER_GLOBAL_ACCENT_COLOR_NAME = AccentColor;
				CODE_SIGN_STYLE = Automatic;
				CURRENT_PROJECT_VERSION = 3;
				DEVELOPMENT_TEAM = VHL4P85M5X;
				ENABLE_PREVIEWS = YES;
				GENERATE_INFOPLIST_FILE = YES;
				INFOPLIST_KEY_NSCameraUsageDescription = "聿符需要使用相机拍摄图片进行加密";
				INFOPLIST_KEY_NSPhotoLibraryAddUsageDescription = "聿符需要访问您的相册以保存加密后的图片";
				INFOPLIST_KEY_NSPhotoLibraryFullAccessUsageDescription = "聿符需要完整相册访问权限以保存和读取加密图片";
				INFOPLIST_KEY_NSPhotoLibraryUsageDescription = "聿符需要访问您的相册以选择图片进行加密";
				INFOPLIST_KEY_UIApplicationSceneManifest_Generation = YES;
				INFOPLIST_KEY_UIApplicationSupportsIndirectInputEvents = YES;
				INFOPLIST_KEY_UILaunchScreen_Generation = YES;
				INFOPLIST_KEY_UISupportedInterfaceOrientations_iPad = "UIInterfaceOrientationPortrait UIInterfaceOrientationPortraitUpsideDown UIInterfaceOrientationLandscapeLeft UIInterfaceOrientationLandscapeRight";
				INFOPLIST_KEY_UISupportedInterfaceOrientations_iPhone = "UIInterfaceOrientationPortrait UIInterfaceOrientationLandscapeLeft UIInterfaceOrientationLandscapeRight";
				LD_RUNPATH_SEARCH_PATHS = (
					"$(inherited)",
					"@executable_path/Frameworks",
				);
				MARKETING_VERSION = 1.5;
				PRODUCT_BUNDLE_IDENTIFIER = ShaneStudio.Yulyph;
				PRODUCT_NAME = "$(TARGET_NAME)";
				STRING_CATALOG_GENERATE_SYMBOLS = YES;
				SWIFT_APPROACHABLE_CONCURRENCY = YES;
				SWIFT_DEFAULT_ACTOR_ISOLATION = MainActor;
				SWIFT_EMIT_LOC_STRINGS = YES;
				SWIFT_UPCOMING_FEATURE_MEMBER_IMPORT_VISIBILITY = YES;
				SWIFT_VERSION = 5.0;
				TARGETED_DEVICE_FAMILY = "1,2";
			};
			name = Debug;
		};
		CD6EC6942F77477C0027D4D7 /* Release */ = {
			isa = XCBuildConfiguration;
			buildSettings = {
				ASSETCATALOG_COMPILER_APPICON_NAME = AppIcon;
				ASSETCATALOG_COMPILER_GLOBAL_ACCENT_COLOR_NAME = AccentColor;
				CODE_SIGN_STYLE = Automatic;
				CURRENT_PROJECT_VERSION = 3;
				DEVELOPMENT_TEAM = VHL4P85M5X;
				ENABLE_PREVIEWS = YES;
				GENERATE_INFOPLIST_FILE = YES;
				INFOPLIST_KEY_NSCameraUsageDescription = "聿符需要使用相机拍摄图片进行加密";
				INFOPLIST_KEY_NSPhotoLibraryAddUsageDescription = "聿符需要访问您的相册以保存加密后的图片";
				INFOPLIST_KEY_NSPhotoLibraryFullAccessUsageDescription = "聿符需要完整相册访问权限以保存和读取加密图片";
				INFOPLIST_KEY_NSPhotoLibraryUsageDescription = "聿符需要访问您的相册以选择图片进行加密";
				INFOPLIST_KEY_UIApplicationSceneManifest_Generation = YES;
				INFOPLIST_KEY_UIApplicationSupportsIndirectInputEvents = YES;
				INFOPLIST_KEY_UILaunchScreen_Generation = YES;
				INFOPLIST_KEY_UISupportedInterfaceOrientations_iPad = "UIInterfaceOrientationPortrait UIInterfaceOrientationPortraitUpsideDown UIInterfaceOrientationLandscapeLeft UIInterfaceOrientationLandscapeRight";
				INFOPLIST_KEY_UISupportedInterfaceOrientations_iPhone = "UIInterfaceOrientationPortrait UIInterfaceOrientationLandscapeLeft UIInterfaceOrientationLandscapeRight";
				LD_RUNPATH_SEARCH_PATHS = (
					"$(inherited)",
					"@executable_path/Frameworks",
				);
				MARKETING_VERSION = 1.5;
				PRODUCT_BUNDLE_IDENTIFIER = ShaneStudio.Yulyph;
				PRODUCT_NAME = "$(TARGET_NAME)";
				STRING_CATALOG_GENERATE_SYMBOLS = YES;
				SWIFT_APPROACHABLE_CONCURRENCY = YES;
				SWIFT_DEFAULT_ACTOR_ISOLATION = MainActor;
				SWIFT_EMIT_LOC_STRINGS = YES;
				SWIFT_UPCOMING_FEATURE_MEMBER_IMPORT_VISIBILITY = YES;
				SWIFT_VERSION = 5.0;
				TARGETED_DEVICE_FAMILY = "1,2";
			};
			name = Release;
		};
		CD6EC6962F77477C0027D4D7 /* Debug */ = {
			isa = XCBuildConfiguration;
			buildSettings = {
				BUNDLE_LOADER = "$(TEST_HOST)";
				CODE_SIGN_STYLE = Automatic;
				CURRENT_PROJECT_VERSION = 3;
				GENERATE_INFOPLIST_FILE = YES;
				IPHONEOS_DEPLOYMENT_TARGET = 16.0;
				MARKETING_VERSION = 1.5;
				PRODUCT_BUNDLE_IDENTIFIER = ShaneStudio.YulyphTests;
				PRODUCT_NAME = "$(TARGET_NAME)";
				STRING_CATALOG_GENERATE_SYMBOLS = NO;
				SWIFT_APPROACHABLE_CONCURRENCY = YES;
				SWIFT_EMIT_LOC_STRINGS = NO;
				SWIFT_UPCOMING_FEATURE_MEMBER_IMPORT_VISIBILITY = YES;
				SWIFT_VERSION = 5.0;
				TARGETED_DEVICE_FAMILY = "1,2";
				TEST_HOST = "$(BUILT_PRODUCTS_DIR)/Yulyph.app/$(BUNDLE_EXECUTABLE_FOLDER_PATH)/Yulyph";
			};
			name = Debug;
		};
		CD6EC6972F77477C0027D4D7 /* Release */ = {
			isa = XCBuildConfiguration;
			buildSettings = {
				BUNDLE_LOADER = "$(TEST_HOST)";
				CODE_SIGN_STYLE = Automatic;
				CURRENT_PROJECT_VERSION = 3;
				GENERATE_INFOPLIST_FILE = YES;
				IPHONEOS_DEPLOYMENT_TARGET = 16.0;
				MARKETING_VERSION = 1.5;
				PRODUCT_BUNDLE_IDENTIFIER = ShaneStudio.YulyphTests;
				PRODUCT_NAME = "$(TARGET_NAME)";
				STRING_CATALOG_GENERATE_SYMBOLS = NO;
				SWIFT_APPROACHABLE_CONCURRENCY = YES;
				SWIFT_EMIT_LOC_STRINGS = NO;
				SWIFT_UPCOMING_FEATURE_MEMBER_IMPORT_VISIBILITY = YES;
				SWIFT_VERSION = 5.0;
				TARGETED_DEVICE_FAMILY = "1,2";
				TEST_HOST = "$(BUILT_PRODUCTS_DIR)/Yulyph.app/$(BUNDLE_EXECUTABLE_FOLDER_PATH)/Yulyph";
			};
			name = Release;
		};
		CD6EC6992F77477C0027D4D7 /* Debug */ = {
			isa = XCBuildConfiguration;
			buildSettings = {
				CODE_SIGN_STYLE = Automatic;
				CURRENT_PROJECT_VERSION = 3;
				GENERATE_INFOPLIST_FILE = YES;
				MARKETING_VERSION = 1.5;
				PRODUCT_BUNDLE_IDENTIFIER = ShaneStudio.YulyphUITests;
				PRODUCT_NAME = "$(TARGET_NAME)";
				STRING_CATALOG_GENERATE_SYMBOLS = NO;
				SWIFT_APPROACHABLE_CONCURRENCY = YES;
				SWIFT_EMIT_LOC_STRINGS = NO;
				SWIFT_UPCOMING_FEATURE_MEMBER_IMPORT_VISIBILITY = YES;
				SWIFT_VERSION = 5.0;
				TARGETED_DEVICE_FAMILY = "1,2";
				TEST_TARGET_NAME = Yulyph;
			};
			name = Debug;
		};
		CD6EC69A2F77477C0027D4D7 /* Release */ = {
			isa = XCBuildConfiguration;
			buildSettings = {
				CODE_SIGN_STYLE = Automatic;
				CURRENT_PROJECT_VERSION = 3;
				GENERATE_INFOPLIST_FILE = YES;
				MARKETING_VERSION = 1.5;
				PRODUCT_BUNDLE_IDENTIFIER = ShaneStudio.YulyphUITests;
				PRODUCT_NAME = "$(TARGET_NAME)";
				STRING_CATALOG_GENERATE_SYMBOLS = NO;
				SWIFT_APPROACHABLE_CONCURRENCY = YES;
				SWIFT_EMIT_LOC_STRINGS = NO;
				SWIFT_UPCOMING_FEATURE_MEMBER_IMPORT_VISIBILITY = YES;
				SWIFT_VERSION = 5.0;
				TARGETED_DEVICE_FAMILY = "1,2";
				TEST_TARGET_NAME = Yulyph;
			};
			name = Release;
		};
/* End XCBuildConfiguration section */

/* Begin XCConfigurationList section */
		CD6EC66A2F77477C0027D4D7 /* Build configuration list for PBXProject "Yulyph" */ = {
			isa = XCConfigurationList;
			buildConfigurations = (
				CD6EC6902F77477C0027D4D7 /* Debug */,
				CD6EC6912F77477C0027D4D7 /* Release */,
			);
			defaultConfigurationIsVisible = 0;
			defaultConfigurationName = Release;
		};
		CD6EC6922F77477C0027D4D7 /* Build configuration list for PBXNativeTarget "Yulyph" */ = {
			isa = XCConfigurationList;
			buildConfigurations = (
				CD6EC6932F77477C0027D4D7 /* Debug */,
				CD6EC6942F77477C0027D4D7 /* Release */,
			);
			defaultConfigurationIsVisible = 0;
			defaultConfigurationName = Release;
		};
		CD6EC6952F77477C0027D4D7 /* Build configuration list for PBXNativeTarget "YulyphTests" */ = {
			isa = XCConfigurationList;
			buildConfigurations = (
				CD6EC6962F77477C0027D4D7 /* Debug */,
				CD6EC6972F77477C0027D4D7 /* Release */,
			);
			defaultConfigurationIsVisible = 0;
			defaultConfigurationName = Release;
		};
		CD6EC6982F77477C0027D4D7 /* Build configuration list for PBXNativeTarget "YulyphUITests" */ = {
			isa = XCConfigurationList;
			buildConfigurations = (
				CD6EC6992F77477C0027D4D7 /* Debug */,
				CD6EC69A2F77477C0027D4D7 /* Release */,
			);
			defaultConfigurationIsVisible = 0;
			defaultConfigurationName = Release;
		};
/* End XCConfigurationList section */
	};
	rootObject = CD6EC6672F77477C0027D4D7 /* Project object */;
}
